schema: '2.0'
stages:
  data_ingestion:
    cmd: python src/data/data_ingestion.py
    deps:
    - path: src/data/data_ingestion.py
      hash: md5
      md5: 21105f228cfb10ed4d33dfb684e43545
      size: 1662
    params:
      params.yaml:
        data_ingestion.test_size: 0.25
    outs:
    - path: data/processed
      hash: md5
      md5: 8a2966b65ba9eec6926d54ef7000de93.dir
      size: 40202
      nfiles: 4
